{
  "originHash" : "c854e9143c3880e40066aa9e651cfa7737cfed48a008edd0552e6387b53dae40",
  "pins" : [
    {
      "identity" : "hotkey",
      "kind" : "remoteSourceControl",
      "location" : "git@github.com:soffes/HotKey.git",
      "state" : {
        "revision" : "a3cf605d7a96f6ff50e04fcb6dea6e2613cfcbe4",
        "version" : "0.2.1"
      }
    },
    {
      "identity" : "updatenotification",
      "kind" : "remoteSourceControl",
      "location" : "git@github.com:melgu/UpdateNotification.git",
      "state" : {
        "branch" : "main",
        "revision" : "f432f3732ebf690dbab55f46f47c6d32e2782d23"
      }
    }
  ],
  "version" : 3
}
